
Microsoft Visual Studio Solution File, Format Version 12.00
# Visual Studio Version 17
VisualStudioVersion = 17.8.34227.203
MinimumVisualStudioVersion = 10.0.40219.1
Project("{9A19103F-16F7-4668-BE54-9A1E7A4F7556}") = "Blazor.Web", "Blazor.Web\Blazor.Web.csproj", "{0AEBCBB9-2860-4CBB-A972-22AF93B49F4B}"
EndProject
Global
	GlobalSection(SolutionConfigurationPlatforms) = preSolution
		Debug|Any CPU = Debug|Any CPU
		Release|Any CPU = Release|Any CPU
	EndGlobalSection
	GlobalSection(ProjectConfigurationPlatforms) = postSolution
		{0AEBCBB9-2860-4CBB-A972-22AF93B49F4B}.Debug|Any CPU.ActiveCfg = Debug|Any CPU
		{0AEBCBB9-2860-4CBB-A972-22AF93B49F4B}.Debug|Any CPU.Build.0 = Debug|Any CPU
		{0AEBCBB9-2860-4CBB-A972-22AF93B49F4B}.Release|Any CPU.ActiveCfg = Release|Any CPU
		{0AEBCBB9-2860-4CBB-A972-22AF93B49F4B}.Release|Any CPU.Build.0 = Release|Any CPU
	EndGlobalSection
	GlobalSection(SolutionProperties) = preSolution
		HideSolutionNode = FALSE
	EndGlobalSection
	GlobalSection(ExtensibilityGlobals) = postSolution
		SolutionGuid = {109004A9-9E7C-4DDB-A1E8-9D2C7DDDC437}
	EndGlobalSection
EndGlobal
